
Microsoft Visual Studio Solution File, Format Version 12.00
# Visual Studio Version 17
VisualStudioVersion = 17.11.35312.102
MinimumVisualStudioVersion = 10.0.40219.1
Project("{FAE04EC0-301F-11D3-BF4B-00C04F79EFBC}") = "TestEx5Library", "TestEx5Library\TestEx5Library.csproj", "{4ABF3223-7EBF-41CF-B20B-562EB3A07E5D}"
EndProject
Global
	GlobalSection(SolutionConfigurationPlatforms) = preSolution
		Debug|Any CPU = Debug|Any CPU
		Release|Any CPU = Release|Any CPU
	EndGlobalSection
	GlobalSection(ProjectConfigurationPlatforms) = postSolution
		{4ABF3223-7EBF-41CF-B20B-562EB3A07E5D}.Debug|Any CPU.ActiveCfg = Debug|Any CPU
		{4ABF3223-7EBF-41CF-B20B-562EB3A07E5D}.Debug|Any CPU.Build.0 = Debug|Any CPU
		{4ABF3223-7EBF-41CF-B20B-562EB3A07E5D}.Release|Any CPU.ActiveCfg = Release|Any CPU
		{4ABF3223-7EBF-41CF-B20B-562EB3A07E5D}.Release|Any CPU.Build.0 = Release|Any CPU
	EndGlobalSection
	GlobalSection(SolutionProperties) = preSolution
		HideSolutionNode = FALSE
	EndGlobalSection
	GlobalSection(ExtensibilityGlobals) = postSolution
		SolutionGuid = {7FA47D48-D693-4841-833D-BBBBE6AC50C0}
	EndGlobalSection
EndGlobal
